Microsoft Visual Studio Solution File, Format Version 8.00
Project("{8BC9CEB8-8B4A-11D0-8D11-00A0C91BC942}") = "TexCube", "TexCube.vcproj", "{EA24D73B-04A8-4336-A77C-13761C7BF31F}"
	ProjectSection(ProjectDependencies) = postProject
	EndProjectSection
EndProject
Global
	GlobalSection(SolutionConfiguration) = preSolution
		Debug = Debug
		Release = Release
	EndGlobalSection
	GlobalSection(ProjectConfiguration) = postSolution
		{EA24D73B-04A8-4336-A77C-13761C7BF31F}.Debug.ActiveCfg = Debug|Win32
		{EA24D73B-04A8-4336-A77C-13761C7BF31F}.Debug.Build.0 = Debug|Win32
		{EA24D73B-04A8-4336-A77C-13761C7BF31F}.Release.ActiveCfg = Release|Win32
		{EA24D73B-04A8-4336-A77C-13761C7BF31F}.Release.Build.0 = Release|Win32
	EndGlobalSection
	GlobalSection(ExtensibilityGlobals) = postSolution
	EndGlobalSection
	GlobalSection(ExtensibilityAddIns) = postSolution
	EndGlobalSection
EndGlobal
