Microsoft Visual Studio Solution File, Format Version 8.00
Project("{8BC9CEB8-8B4A-11D0-8D11-00A0C91BC942}") = "lit pyramid", "lit pyramid.vcproj", "{19B2EB5F-6E22-4656-B5BB-E90EF7D47272}"
	ProjectSection(ProjectDependencies) = postProject
	EndProjectSection
EndProject
Global
	GlobalSection(SolutionConfiguration) = preSolution
		Debug = Debug
		Release = Release
	EndGlobalSection
	GlobalSection(ProjectConfiguration) = postSolution
		{19B2EB5F-6E22-4656-B5BB-E90EF7D47272}.Debug.ActiveCfg = Debug|Win32
		{19B2EB5F-6E22-4656-B5BB-E90EF7D47272}.Debug.Build.0 = Debug|Win32
		{19B2EB5F-6E22-4656-B5BB-E90EF7D47272}.Release.ActiveCfg = Release|Win32
		{19B2EB5F-6E22-4656-B5BB-E90EF7D47272}.Release.Build.0 = Release|Win32
	EndGlobalSection
	GlobalSection(ExtensibilityGlobals) = postSolution
	EndGlobalSection
	GlobalSection(ExtensibilityAddIns) = postSolution
	EndGlobalSection
EndGlobal
